
Microsoft Visual Studio Solution File, Format Version 12.00
# Visual Studio Version 17
VisualStudioVersion = 17.9.34902.65
MinimumVisualStudioVersion = 10.0.40219.1
Project("{2150E333-8FDC-42A3-9474-1A3956D46DE8}") = "src", "src", "{E66A1E35-CA16-4F6B-96EA-AD5DA6DC3911}"
EndProject
Project("{2150E333-8FDC-42A3-9474-1A3956D46DE8}") = "Nomenclature", "Nomenclature", "{3BD0E8E0-5994-4996-AD40-7EBB27F99D4D}"
EndProject
Project("{9A19103F-16F7-4668-BE54-9A1E7A4F7556}") = "GramStore.Nomenclature.Domain", "src\Nomenclature\GramStore.Nomenclature.Domain\GramStore.Nomenclature.Domain.csproj", "{E352DC7D-8712-4375-93E5-DED8AC8740A6}"
EndProject
Project("{9A19103F-16F7-4668-BE54-9A1E7A4F7556}") = "GramStore.Nomenclature.Persistence", "src\Nomenclature\GramStore.Nomenclature.Persistence\GramStore.Nomenclature.Persistence.csproj", "{C8998950-D7F7-4740-9F8C-A6E670901FCF}"
EndProject
Project("{9A19103F-16F7-4668-BE54-9A1E7A4F7556}") = "GramStore.Nomenclature.API", "src\Nomenclature\GramStore.Nomenclature.API\GramStore.Nomenclature.API.csproj", "{18B12C45-0640-495E-A99C-6AF93550F8CC}"
EndProject
Project("{9A19103F-16F7-4668-BE54-9A1E7A4F7556}") = "GramStore.Nomenclature.Application", "src\Nomenclature\GramStore.Nomenclature.Application\GramStore.Nomenclature.Application.csproj", "{C5F403BC-5AFB-4CA2-A752-BDED9D03ABF8}"
EndProject
Project("{2150E333-8FDC-42A3-9474-1A3956D46DE8}") = "Client", "Client", "{655CA7F5-04A4-4837-8F3F-B0B7883C223A}"
EndProject
Project("{FAE04EC0-301F-11D3-BF4B-00C04F79EFBC}") = "GramStore.Client.Domain", "src\Client\GramStore.Client.Domain\GramStore.Client.Domain.csproj", "{CDF9608B-C6F2-429E-ADFA-58ABBB062DE0}"
EndProject
Project("{FAE04EC0-301F-11D3-BF4B-00C04F79EFBC}") = "GramStore.Client.Persistence", "src\Client\GramStore.Client.Persistence\GramStore.Client.Persistence.csproj", "{9630FAE9-1F24-48F0-A98B-C2C65BE94387}"
EndProject
Project("{FAE04EC0-301F-11D3-BF4B-00C04F79EFBC}") = "GramStore.Client.Application", "src\Client\GramStore.Client.Application\GramStore.Client.Application.csproj", "{0F8461C2-E2AB-423F-8B28-688F9C0B4E71}"
EndProject
Project("{FAE04EC0-301F-11D3-BF4B-00C04F79EFBC}") = "GramStore.Client.API", "src\Client\GramStore.Client.API\GramStore.Client.API.csproj", "{8F9822A3-FD32-4095-B176-EF2B4DB90052}"
EndProject
Global
	GlobalSection(SolutionConfigurationPlatforms) = preSolution
		Debug|Any CPU = Debug|Any CPU
		Release|Any CPU = Release|Any CPU
	EndGlobalSection
	GlobalSection(ProjectConfigurationPlatforms) = postSolution
		{E352DC7D-8712-4375-93E5-DED8AC8740A6}.Debug|Any CPU.ActiveCfg = Debug|Any CPU
		{E352DC7D-8712-4375-93E5-DED8AC8740A6}.Debug|Any CPU.Build.0 = Debug|Any CPU
		{E352DC7D-8712-4375-93E5-DED8AC8740A6}.Release|Any CPU.ActiveCfg = Release|Any CPU
		{E352DC7D-8712-4375-93E5-DED8AC8740A6}.Release|Any CPU.Build.0 = Release|Any CPU
		{C8998950-D7F7-4740-9F8C-A6E670901FCF}.Debug|Any CPU.ActiveCfg = Debug|Any CPU
		{C8998950-D7F7-4740-9F8C-A6E670901FCF}.Debug|Any CPU.Build.0 = Debug|Any CPU
		{C8998950-D7F7-4740-9F8C-A6E670901FCF}.Release|Any CPU.ActiveCfg = Release|Any CPU
		{C8998950-D7F7-4740-9F8C-A6E670901FCF}.Release|Any CPU.Build.0 = Release|Any CPU
		{18B12C45-0640-495E-A99C-6AF93550F8CC}.Debug|Any CPU.ActiveCfg = Debug|Any CPU
		{18B12C45-0640-495E-A99C-6AF93550F8CC}.Debug|Any CPU.Build.0 = Debug|Any CPU
		{18B12C45-0640-495E-A99C-6AF93550F8CC}.Release|Any CPU.ActiveCfg = Release|Any CPU
		{18B12C45-0640-495E-A99C-6AF93550F8CC}.Release|Any CPU.Build.0 = Release|Any CPU
		{C5F403BC-5AFB-4CA2-A752-BDED9D03ABF8}.Debug|Any CPU.ActiveCfg = Debug|Any CPU
		{C5F403BC-5AFB-4CA2-A752-BDED9D03ABF8}.Debug|Any CPU.Build.0 = Debug|Any CPU
		{C5F403BC-5AFB-4CA2-A752-BDED9D03ABF8}.Release|Any CPU.ActiveCfg = Release|Any CPU
		{C5F403BC-5AFB-4CA2-A752-BDED9D03ABF8}.Release|Any CPU.Build.0 = Release|Any CPU
		{CDF9608B-C6F2-429E-ADFA-58ABBB062DE0}.Debug|Any CPU.ActiveCfg = Debug|Any CPU
		{CDF9608B-C6F2-429E-ADFA-58ABBB062DE0}.Debug|Any CPU.Build.0 = Debug|Any CPU
		{CDF9608B-C6F2-429E-ADFA-58ABBB062DE0}.Release|Any CPU.ActiveCfg = Release|Any CPU
		{CDF9608B-C6F2-429E-ADFA-58ABBB062DE0}.Release|Any CPU.Build.0 = Release|Any CPU
		{9630FAE9-1F24-48F0-A98B-C2C65BE94387}.Debug|Any CPU.ActiveCfg = Debug|Any CPU
		{9630FAE9-1F24-48F0-A98B-C2C65BE94387}.Debug|Any CPU.Build.0 = Debug|Any CPU
		{9630FAE9-1F24-48F0-A98B-C2C65BE94387}.Release|Any CPU.ActiveCfg = Release|Any CPU
		{9630FAE9-1F24-48F0-A98B-C2C65BE94387}.Release|Any CPU.Build.0 = Release|Any CPU
		{0F8461C2-E2AB-423F-8B28-688F9C0B4E71}.Debug|Any CPU.ActiveCfg = Debug|Any CPU
		{0F8461C2-E2AB-423F-8B28-688F9C0B4E71}.Debug|Any CPU.Build.0 = Debug|Any CPU
		{0F8461C2-E2AB-423F-8B28-688F9C0B4E71}.Release|Any CPU.ActiveCfg = Release|Any CPU
		{0F8461C2-E2AB-423F-8B28-688F9C0B4E71}.Release|Any CPU.Build.0 = Release|Any CPU
		{8F9822A3-FD32-4095-B176-EF2B4DB90052}.Debug|Any CPU.ActiveCfg = Debug|Any CPU
		{8F9822A3-FD32-4095-B176-EF2B4DB90052}.Debug|Any CPU.Build.0 = Debug|Any CPU
		{8F9822A3-FD32-4095-B176-EF2B4DB90052}.Release|Any CPU.ActiveCfg = Release|Any CPU
		{8F9822A3-FD32-4095-B176-EF2B4DB90052}.Release|Any CPU.Build.0 = Release|Any CPU
	EndGlobalSection
	GlobalSection(SolutionProperties) = preSolution
		HideSolutionNode = FALSE
	EndGlobalSection
	GlobalSection(NestedProjects) = preSolution
		{3BD0E8E0-5994-4996-AD40-7EBB27F99D4D} = {E66A1E35-CA16-4F6B-96EA-AD5DA6DC3911}
		{E352DC7D-8712-4375-93E5-DED8AC8740A6} = {3BD0E8E0-5994-4996-AD40-7EBB27F99D4D}
		{C8998950-D7F7-4740-9F8C-A6E670901FCF} = {3BD0E8E0-5994-4996-AD40-7EBB27F99D4D}
		{18B12C45-0640-495E-A99C-6AF93550F8CC} = {3BD0E8E0-5994-4996-AD40-7EBB27F99D4D}
		{C5F403BC-5AFB-4CA2-A752-BDED9D03ABF8} = {3BD0E8E0-5994-4996-AD40-7EBB27F99D4D}
		{655CA7F5-04A4-4837-8F3F-B0B7883C223A} = {E66A1E35-CA16-4F6B-96EA-AD5DA6DC3911}
		{CDF9608B-C6F2-429E-ADFA-58ABBB062DE0} = {655CA7F5-04A4-4837-8F3F-B0B7883C223A}
		{9630FAE9-1F24-48F0-A98B-C2C65BE94387} = {655CA7F5-04A4-4837-8F3F-B0B7883C223A}
		{0F8461C2-E2AB-423F-8B28-688F9C0B4E71} = {655CA7F5-04A4-4837-8F3F-B0B7883C223A}
		{8F9822A3-FD32-4095-B176-EF2B4DB90052} = {655CA7F5-04A4-4837-8F3F-B0B7883C223A}
	EndGlobalSection
	GlobalSection(ExtensibilityGlobals) = postSolution
		SolutionGuid = {49F29ABC-6515-41BA-B72B-CF539A12B783}
	EndGlobalSection
EndGlobal
