
Microsoft Visual Studio Solution File, Format Version 12.00
# Visual Studio Version 17
VisualStudioVersion = 17.9.34902.65
MinimumVisualStudioVersion = 10.0.40219.1
Project("{FAE04EC0-301F-11D3-BF4B-00C04F79EFBC}") = "GramStore.MenuService", "GramStore.MenuService\GramStore.MenuService.csproj", "{F6722ED8-8E4E-4867-A145-9439914EA511}"
EndProject
Global
	GlobalSection(SolutionConfigurationPlatforms) = preSolution
		Debug|Any CPU = Debug|Any CPU
		Release|Any CPU = Release|Any CPU
	EndGlobalSection
	GlobalSection(ProjectConfigurationPlatforms) = postSolution
		{F6722ED8-8E4E-4867-A145-9439914EA511}.Debug|Any CPU.ActiveCfg = Debug|Any CPU
		{F6722ED8-8E4E-4867-A145-9439914EA511}.Debug|Any CPU.Build.0 = Debug|Any CPU
		{F6722ED8-8E4E-4867-A145-9439914EA511}.Release|Any CPU.ActiveCfg = Release|Any CPU
		{F6722ED8-8E4E-4867-A145-9439914EA511}.Release|Any CPU.Build.0 = Release|Any CPU
	EndGlobalSection
	GlobalSection(SolutionProperties) = preSolution
		HideSolutionNode = FALSE
	EndGlobalSection
	GlobalSection(ExtensibilityGlobals) = postSolution
		SolutionGuid = {49F29ABC-6515-41BA-B72B-CF539A12B783}
	EndGlobalSection
EndGlobal
